
Microsoft Visual Studio Solution File, Format Version 12.00
# Visual Studio 15
VisualStudioVersion = 15.0.28307.106
MinimumVisualStudioVersion = 10.0.40219.1
Project("{FAE04EC0-301F-11D3-BF4B-00C04F79EFBC}") = "GeekBrainsHomeWorkBrizhakAndreiCSAdv01", "GeekBrainsHomeWorkBrizhakAndreiCSAdv01\GeekBrainsHomeWorkBrizhakAndreiCSAdv01.csproj", "{C2F4E3DE-AE79-49CA-B7FC-626100E9098E}"
EndProject
Global
	GlobalSection(SolutionConfigurationPlatforms) = preSolution
		Debug|Any CPU = Debug|Any CPU
		Release|Any CPU = Release|Any CPU
	EndGlobalSection
	GlobalSection(ProjectConfigurationPlatforms) = postSolution
		{C2F4E3DE-AE79-49CA-B7FC-626100E9098E}.Debug|Any CPU.ActiveCfg = Debug|Any CPU
		{C2F4E3DE-AE79-49CA-B7FC-626100E9098E}.Debug|Any CPU.Build.0 = Debug|Any CPU
		{C2F4E3DE-AE79-49CA-B7FC-626100E9098E}.Release|Any CPU.ActiveCfg = Release|Any CPU
		{C2F4E3DE-AE79-49CA-B7FC-626100E9098E}.Release|Any CPU.Build.0 = Release|Any CPU
	EndGlobalSection
	GlobalSection(SolutionProperties) = preSolution
		HideSolutionNode = FALSE
	EndGlobalSection
	GlobalSection(ExtensibilityGlobals) = postSolution
		SolutionGuid = {82B13E75-5556-4B53-91EB-A08D109A782A}
	EndGlobalSection
EndGlobal
